{
    "_meta": {
        "hash": {
            "sha256": "7ec7821413f6984106f42a9aa846695214da4639ec961f93d0a53f96287243fb"
        },
        "pipfile-spec": 6,
        "requires": {
            "python_version": "3.12"
        },
        "sources": [
            {
                "name": "pypi",
                "url": "https://pypi.org/simple",
                "verify_ssl": true
            }
        ]
    },
    "default": {
        "asgiref": {
            "hashes": [
                "sha256:59dcb51c272ad209d59bed5708a64a333083e86017d7fcdd67498eeab7784340",
                "sha256:fe386d1c2bff7259ea95929266d12a8cf9a8b5a1c2598402967d8792e7a7c094"
            ],
            "markers": "python_version >= '3.10'",
            "version": "==3.12.1"
        },
        "django": {
            "hashes": [
                "sha256:2998503fc083124fb58037084bfa00de323c7c743f05f1b4284e77bff0ab8890",
                "sha256:a037427c2288443a8c02a1b02295a31c239663aa682bc50b1976afb7cf6a769e"
            ],
            "index": "pypi",
            "markers": "python_version >= '3.12'",
            "version": "==6.0.7"
        },
        "django-filter": {
            "hashes": [
                "sha256:66ea04031b068c77c86e1ac26ced7a3f8f13ce797f5795751707e3deefc58054",
                "sha256:7d98ef2899218e6242619b532cb1b95af14e09dfcf74844aecb550ad27b59ff2"
            ],
            "index": "pypi",
            "markers": "python_version >= '3.10'",
            "version": "==26.1"
        },
        "djangorestframework": {
            "hashes": [
                "sha256:a6def5f447fe78ff853bff1d47a3c59bf38f5434b031780b351b0c73a62db1a5",
                "sha256:c3c74dd3e83a5a3efc37b3c18d92bd6f86a6791c7b7d4dff62bb068500e76457"
            ],
            "index": "pypi",
            "markers": "python_version >= '3.10'",
            "version": "==3.17.1"
        },
        "drf-nested-routers": {
            "hashes": [
                "sha256:3d5ffad87b110c9d58ee0c688cf540a7fa4ccbf1080b2d318a5e2cf634322d96",
                "sha256:bb02f4fea712f7f0fc649fc1399718e458a06387fdb2fb161cc9aeaad314f4ef"
            ],
            "index": "pypi",
            "markers": "python_version >= '3.10'",
            "version": "==0.95.3"
        },
        "mysqlclient": {
            "hashes": [
                "sha256:000c7ec3d11e7c411db832e4cfcd7f05db47464326381f5d5ae991b4bb572f93",
                "sha256:260cce0e81446c83bf0a389e0fae38d68547d9f8fc0833bc733014e10ce28a99",
                "sha256:60c9ed339dc09e3d5380cc2a9f42e86754fee25a661ced77a02df77990664c92",
                "sha256:86db31bba7b3480fec2751350e9790e24f016f89af33a87bab7e79f7196474e8",
                "sha256:8ed20c5615a915da451bb308c7d0306648a4fd9a2809ba95c992690006306199",
                "sha256:9bed7c8d3b629bdc09e17fb628d5b3b0a5fd1f12b09432b464b9126c727bedc0",
                "sha256:a81f5e12f8d05439709cb02fba97f9f76d1a6c528164f2260d8798fec969e300"
            ],
            "index": "pypi",
            "markers": "python_version >= '3.10'",
            "version": "==2.2.8"
        },
        "sqlparse": {
            "hashes": [
                "sha256:12a08b3bf3eec877c519589833aed092e2444e68240a3577e8e26148acc7b1ba",
                "sha256:e20d4a9b0b8585fdf63b10d30066c7c94c5d7a7ec47c889a2d83a3caa93ff28e"
            ],
            "markers": "python_version >= '3.8'",
            "version": "==0.5.5"
        },
        "tzdata": {
            "hashes": [
                "sha256:4a1518b8993086a7982523e071643f3c0e5f213e75b21318e78bcabfff9d1415",
                "sha256:dc096730c87af6cab1b171c9d532be840741ff5d459015e7f6947bd7d7e54931"
            ],
            "markers": "python_version >= '2'",
            "version": "==2026.3"
        }
    },
    "develop": {}
}
